
Microsoft Visual Studio Solution File, Format Version 12.00
# Visual Studio Version 17
VisualStudioVersion = 17.0.31903.59
MinimumVisualStudioVersion = 10.0.40219.1
Project("{FAE04EC0-301F-11D3-BF4B-00C04F79EFBC}") = "shol1", "shol1.csproj", "{97F717F5-5580-4006-ABB1-68E4FB0809D6}"
EndProject
Project("{FAE04EC0-301F-11D3-BF4B-00C04F79EFBC}") = "lom1", "lom1\lom1.csproj", "{7846D4F0-C0EC-4F80-AC80-3494ED074ACA}"
EndProject
Global
	GlobalSection(SolutionConfigurationPlatforms) = preSolution
		Debug|Any CPU = Debug|Any CPU
		Release|Any CPU = Release|Any CPU
	EndGlobalSection
	GlobalSection(SolutionProperties) = preSolution
		HideSolutionNode = FALSE
	EndGlobalSection
	GlobalSection(ProjectConfigurationPlatforms) = postSolution
		{97F717F5-5580-4006-ABB1-68E4FB0809D6}.Debug|Any CPU.ActiveCfg = Debug|Any CPU
		{97F717F5-5580-4006-ABB1-68E4FB0809D6}.Debug|Any CPU.Build.0 = Debug|Any CPU
		{97F717F5-5580-4006-ABB1-68E4FB0809D6}.Release|Any CPU.ActiveCfg = Release|Any CPU
		{97F717F5-5580-4006-ABB1-68E4FB0809D6}.Release|Any CPU.Build.0 = Release|Any CPU
		{7846D4F0-C0EC-4F80-AC80-3494ED074ACA}.Debug|Any CPU.ActiveCfg = Debug|Any CPU
		{7846D4F0-C0EC-4F80-AC80-3494ED074ACA}.Debug|Any CPU.Build.0 = Debug|Any CPU
		{7846D4F0-C0EC-4F80-AC80-3494ED074ACA}.Release|Any CPU.ActiveCfg = Release|Any CPU
		{7846D4F0-C0EC-4F80-AC80-3494ED074ACA}.Release|Any CPU.Build.0 = Release|Any CPU
	EndGlobalSection
EndGlobal
